
Microsoft Visual Studio Solution File, Format Version 12.00
# Visual Studio Version 17
VisualStudioVersion = 17.9.34622.214
MinimumVisualStudioVersion = 10.0.40219.1
Project("{FAE04EC0-301F-11D3-BF4B-00C04F79EFBC}") = "WeartherServeApi", "WeartherServeApi.csproj", "{34E80043-CC3D-4A67-B3EF-CEAF3C9EDC4E}"
EndProject
Global
	GlobalSection(SolutionConfigurationPlatforms) = preSolution
		Debug|Any CPU = Debug|Any CPU
		Release|Any CPU = Release|Any CPU
	EndGlobalSection
	GlobalSection(ProjectConfigurationPlatforms) = postSolution
		{34E80043-CC3D-4A67-B3EF-CEAF3C9EDC4E}.Debug|Any CPU.ActiveCfg = Debug|Any CPU
		{34E80043-CC3D-4A67-B3EF-CEAF3C9EDC4E}.Debug|Any CPU.Build.0 = Debug|Any CPU
		{34E80043-CC3D-4A67-B3EF-CEAF3C9EDC4E}.Release|Any CPU.ActiveCfg = Release|Any CPU
		{34E80043-CC3D-4A67-B3EF-CEAF3C9EDC4E}.Release|Any CPU.Build.0 = Release|Any CPU
	EndGlobalSection
	GlobalSection(SolutionProperties) = preSolution
		HideSolutionNode = FALSE
	EndGlobalSection
	GlobalSection(ExtensibilityGlobals) = postSolution
		SolutionGuid = {17FD0C74-E934-4F25-BC08-CF7E06A64E24}
	EndGlobalSection
EndGlobal
